
Microsoft Visual Studio Solution File, Format Version 12.00
# Visual Studio Version 17
VisualStudioVersion = 17.0.31903.59
MinimumVisualStudioVersion = 10.0.40219.1
Project("{FAE04EC0-301F-11D3-BF4B-00C04F79EFBC}") = "MillionAPI", "MillionAPI\MillionAPI.csproj", "{BE0B9DB7-D205-4FF5-BD27-AC1A673EE968}"
EndProject
Project("{FAE04EC0-301F-11D3-BF4B-00C04F79EFBC}") = "Million.Application", "Million.Application\Million.Application.csproj", "{1B50816B-0805-4A0E-8D3B-5F83992DB60B}"
EndProject
Project("{FAE04EC0-301F-11D3-BF4B-00C04F79EFBC}") = "Million.Domain", "Million.Domain\Million.Domain.csproj", "{1FCF97C2-CE14-4561-BE5E-555709F9ED00}"
EndProject
Project("{FAE04EC0-301F-11D3-BF4B-00C04F79EFBC}") = "Million.Infrastructure", "Million.Infrastructure\Million.Infrastructure.csproj", "{A2E764B7-1A78-4FE2-BB4F-2D564600BFBE}"
EndProject
Project("{FAE04EC0-301F-11D3-BF4B-00C04F79EFBC}") = "Million.Tests", "Million.Tests\Million.Tests.csproj", "{AADC3B85-5909-4EFC-8425-CC42C8891E65}"
EndProject
Global
	GlobalSection(SolutionConfigurationPlatforms) = preSolution
		Debug|Any CPU = Debug|Any CPU
		Debug|x64 = Debug|x64
		Debug|x86 = Debug|x86
		Release|Any CPU = Release|Any CPU
		Release|x64 = Release|x64
		Release|x86 = Release|x86
	EndGlobalSection
	GlobalSection(ProjectConfigurationPlatforms) = postSolution
		{BE0B9DB7-D205-4FF5-BD27-AC1A673EE968}.Debug|Any CPU.ActiveCfg = Debug|Any CPU
		{BE0B9DB7-D205-4FF5-BD27-AC1A673EE968}.Debug|Any CPU.Build.0 = Debug|Any CPU
		{BE0B9DB7-D205-4FF5-BD27-AC1A673EE968}.Debug|x64.ActiveCfg = Debug|Any CPU
		{BE0B9DB7-D205-4FF5-BD27-AC1A673EE968}.Debug|x64.Build.0 = Debug|Any CPU
		{BE0B9DB7-D205-4FF5-BD27-AC1A673EE968}.Debug|x86.ActiveCfg = Debug|Any CPU
		{BE0B9DB7-D205-4FF5-BD27-AC1A673EE968}.Debug|x86.Build.0 = Debug|Any CPU
		{BE0B9DB7-D205-4FF5-BD27-AC1A673EE968}.Release|Any CPU.ActiveCfg = Release|Any CPU
		{BE0B9DB7-D205-4FF5-BD27-AC1A673EE968}.Release|Any CPU.Build.0 = Release|Any CPU
		{BE0B9DB7-D205-4FF5-BD27-AC1A673EE968}.Release|x64.ActiveCfg = Release|Any CPU
		{BE0B9DB7-D205-4FF5-BD27-AC1A673EE968}.Release|x64.Build.0 = Release|Any CPU
		{BE0B9DB7-D205-4FF5-BD27-AC1A673EE968}.Release|x86.ActiveCfg = Release|Any CPU
		{BE0B9DB7-D205-4FF5-BD27-AC1A673EE968}.Release|x86.Build.0 = Release|Any CPU
		{1B50816B-0805-4A0E-8D3B-5F83992DB60B}.Debug|Any CPU.ActiveCfg = Debug|Any CPU
		{1B50816B-0805-4A0E-8D3B-5F83992DB60B}.Debug|Any CPU.Build.0 = Debug|Any CPU
		{1B50816B-0805-4A0E-8D3B-5F83992DB60B}.Debug|x64.ActiveCfg = Debug|Any CPU
		{1B50816B-0805-4A0E-8D3B-5F83992DB60B}.Debug|x64.Build.0 = Debug|Any CPU
		{1B50816B-0805-4A0E-8D3B-5F83992DB60B}.Debug|x86.ActiveCfg = Debug|Any CPU
		{1B50816B-0805-4A0E-8D3B-5F83992DB60B}.Debug|x86.Build.0 = Debug|Any CPU
		{1B50816B-0805-4A0E-8D3B-5F83992DB60B}.Release|Any CPU.ActiveCfg = Release|Any CPU
		{1B50816B-0805-4A0E-8D3B-5F83992DB60B}.Release|Any CPU.Build.0 = Release|Any CPU
		{1B50816B-0805-4A0E-8D3B-5F83992DB60B}.Release|x64.ActiveCfg = Release|Any CPU
		{1B50816B-0805-4A0E-8D3B-5F83992DB60B}.Release|x64.Build.0 = Release|Any CPU
		{1B50816B-0805-4A0E-8D3B-5F83992DB60B}.Release|x86.ActiveCfg = Release|Any CPU
		{1B50816B-0805-4A0E-8D3B-5F83992DB60B}.Release|x86.Build.0 = Release|Any CPU
		{1FCF97C2-CE14-4561-BE5E-555709F9ED00}.Debug|Any CPU.ActiveCfg = Debug|Any CPU
		{1FCF97C2-CE14-4561-BE5E-555709F9ED00}.Debug|Any CPU.Build.0 = Debug|Any CPU
		{1FCF97C2-CE14-4561-BE5E-555709F9ED00}.Debug|x64.ActiveCfg = Debug|Any CPU
		{1FCF97C2-CE14-4561-BE5E-555709F9ED00}.Debug|x64.Build.0 = Debug|Any CPU
		{1FCF97C2-CE14-4561-BE5E-555709F9ED00}.Debug|x86.ActiveCfg = Debug|Any CPU
		{1FCF97C2-CE14-4561-BE5E-555709F9ED00}.Debug|x86.Build.0 = Debug|Any CPU
		{1FCF97C2-CE14-4561-BE5E-555709F9ED00}.Release|Any CPU.ActiveCfg = Release|Any CPU
		{1FCF97C2-CE14-4561-BE5E-555709F9ED00}.Release|Any CPU.Build.0 = Release|Any CPU
		{1FCF97C2-CE14-4561-BE5E-555709F9ED00}.Release|x64.ActiveCfg = Release|Any CPU
		{1FCF97C2-CE14-4561-BE5E-555709F9ED00}.Release|x64.Build.0 = Release|Any CPU
		{1FCF97C2-CE14-4561-BE5E-555709F9ED00}.Release|x86.ActiveCfg = Release|Any CPU
		{1FCF97C2-CE14-4561-BE5E-555709F9ED00}.Release|x86.Build.0 = Release|Any CPU
		{A2E764B7-1A78-4FE2-BB4F-2D564600BFBE}.Debug|Any CPU.ActiveCfg = Debug|Any CPU
		{A2E764B7-1A78-4FE2-BB4F-2D564600BFBE}.Debug|Any CPU.Build.0 = Debug|Any CPU
		{A2E764B7-1A78-4FE2-BB4F-2D564600BFBE}.Debug|x64.ActiveCfg = Debug|Any CPU
		{A2E764B7-1A78-4FE2-BB4F-2D564600BFBE}.Debug|x64.Build.0 = Debug|Any CPU
		{A2E764B7-1A78-4FE2-BB4F-2D564600BFBE}.Debug|x86.ActiveCfg = Debug|Any CPU
		{A2E764B7-1A78-4FE2-BB4F-2D564600BFBE}.Debug|x86.Build.0 = Debug|Any CPU
		{A2E764B7-1A78-4FE2-BB4F-2D564600BFBE}.Release|Any CPU.ActiveCfg = Release|Any CPU
		{A2E764B7-1A78-4FE2-BB4F-2D564600BFBE}.Release|Any CPU.Build.0 = Release|Any CPU
		{A2E764B7-1A78-4FE2-BB4F-2D564600BFBE}.Release|x64.ActiveCfg = Release|Any CPU
		{A2E764B7-1A78-4FE2-BB4F-2D564600BFBE}.Release|x64.Build.0 = Release|Any CPU
		{A2E764B7-1A78-4FE2-BB4F-2D564600BFBE}.Release|x86.ActiveCfg = Release|Any CPU
		{A2E764B7-1A78-4FE2-BB4F-2D564600BFBE}.Release|x86.Build.0 = Release|Any CPU
		{AADC3B85-5909-4EFC-8425-CC42C8891E65}.Debug|Any CPU.ActiveCfg = Debug|Any CPU
		{AADC3B85-5909-4EFC-8425-CC42C8891E65}.Debug|Any CPU.Build.0 = Debug|Any CPU
		{AADC3B85-5909-4EFC-8425-CC42C8891E65}.Debug|x64.ActiveCfg = Debug|Any CPU
		{AADC3B85-5909-4EFC-8425-CC42C8891E65}.Debug|x64.Build.0 = Debug|Any CPU
		{AADC3B85-5909-4EFC-8425-CC42C8891E65}.Debug|x86.ActiveCfg = Debug|Any CPU
		{AADC3B85-5909-4EFC-8425-CC42C8891E65}.Debug|x86.Build.0 = Debug|Any CPU
		{AADC3B85-5909-4EFC-8425-CC42C8891E65}.Release|Any CPU.ActiveCfg = Release|Any CPU
		{AADC3B85-5909-4EFC-8425-CC42C8891E65}.Release|Any CPU.Build.0 = Release|Any CPU
		{AADC3B85-5909-4EFC-8425-CC42C8891E65}.Release|x64.ActiveCfg = Release|Any CPU
		{AADC3B85-5909-4EFC-8425-CC42C8891E65}.Release|x64.Build.0 = Release|Any CPU
		{AADC3B85-5909-4EFC-8425-CC42C8891E65}.Release|x86.ActiveCfg = Release|Any CPU
		{AADC3B85-5909-4EFC-8425-CC42C8891E65}.Release|x86.Build.0 = Release|Any CPU
	EndGlobalSection
	GlobalSection(SolutionProperties) = preSolution
		HideSolutionNode = FALSE
	EndGlobalSection
EndGlobal
